Microsoft Visual Studio Solution File, Format Version 12.00
# Visual Studio Version 17
VisualStudioVersion = 17.5.2.0
MinimumVisualStudioVersion = 10.0.40219.1
Project("{FAE04EC0-301F-11D3-BF4B-00C04F79EFBC}") = "DSpico firmware patcher", "DSpico firmware patcher.csproj", "{BAFAF3A4-D0C6-4B55-33D2-7FC04C5CCD5B}"
EndProject
Global
	GlobalSection(SolutionConfigurationPlatforms) = preSolution
		Debug|Any CPU = Debug|Any CPU
		Release|Any CPU = Release|Any CPU
	EndGlobalSection
	GlobalSection(ProjectConfigurationPlatforms) = postSolution
		{BAFAF3A4-D0C6-4B55-33D2-7FC04C5CCD5B}.Debug|Any CPU.ActiveCfg = Debug|Any CPU
		{BAFAF3A4-D0C6-4B55-33D2-7FC04C5CCD5B}.Debug|Any CPU.Build.0 = Debug|Any CPU
		{BAFAF3A4-D0C6-4B55-33D2-7FC04C5CCD5B}.Release|Any CPU.ActiveCfg = Release|Any CPU
		{BAFAF3A4-D0C6-4B55-33D2-7FC04C5CCD5B}.Release|Any CPU.Build.0 = Release|Any CPU
	EndGlobalSection
	GlobalSection(SolutionProperties) = preSolution
		HideSolutionNode = FALSE
	EndGlobalSection
	GlobalSection(ExtensibilityGlobals) = postSolution
		SolutionGuid = {BE3FB053-F9A5-4CBD-840D-3C557675C9DB}
	EndGlobalSection
EndGlobal
